{"1.2.0",
[{<<"cowboy">>,{pkg,<<"cowboy">>,<<"2.12.0">>},0},
 {<<"cowboy_swagger">>,{pkg,<<"cowboy_swagger">>,<<"2.7.0">>},0},
 {<<"cowlib">>,{pkg,<<"cowlib">>,<<"2.13.0">>},1},
 {<<"csound">>,
  {git,"https://github.com/hengestone/csound-erlang",
       {ref,"27892855ce18d9678882777147aca680ab072ed5"}},
  0},
 {<<"datestring">>,
  {git,"https://github.com/strange/datestring.git",
       {ref,"7504bdfe7a4b996692d4c80252a60c609fe6fd61"}},
  0},
 {<<"erlcron">>,
  {git,"https://github.com/erlware/erlcron.git",
       {ref,"31c5fc7de8ed0cbdff56d862d8fe294e83c651ca"}},
  0},
 {<<"erlexec">>,{pkg,<<"erlexec">>,<<"1.21.0">>},0},
 {<<"fast_yaml">>,
  {git,"https://github.com/processone/fast_yaml.git",
       {ref,"1f1367db7a66be9f6d6ab30aa27e09e5f1ca0a76"}},
  0},
 {<<"fs">>,{pkg,<<"fs">>,<<"6.1.1">>},1},
 {<<"gproc">>,{pkg,<<"gproc">>,<<"0.9.1">>},0},
 {<<"gun">>,
  {git,"https://github.com/ninenines/gun.git",
       {ref,"6dd58a4ff9deedeeb6029827b936c2e81866cd54"}},
  0},
 {<<"ipfs">>,
  {git,"https://github.com/octaspace-project/ipfs.git",
       {ref,"e8a96e27327144885eb5af96498b3f06df70816a"}},
  0},
 {<<"jsx">>,
  {git,"https://github.com/talentdeficit/jsx.git",
       {ref,"b1289a16ae3fed51b9f722cbfb6f412c3131f540"}},
  0},
 {<<"meck">>,
  {git,"https://github.com/eproxus/meck.git",
       {ref,"dfb47c544bdf14b5c26ff2651cf9339dbbe2f50e"}},
  1},
 {<<"mustache">>,
  {git,"https://github.com/mojombo/mustache.erl.git",
       {ref,"031c7aa302810424c198aa003aa8cf090150b555"}},
  0},
 {<<"p1_utils">>,{pkg,<<"p1_utils">>,<<"1.0.23">>},1},
 {<<"poolboy">>,{pkg,<<"poolboy">>,<<"1.5.2">>},0},
 {<<"ranch">>,{pkg,<<"ranch">>,<<"1.8.0">>},1},
 {<<"sync">>,
  {git,"https://github.com/rustyio/sync.git",
       {ref,"7dc303ed4ce8d26db82e171dbbd7c41067852c65"}},
  0},
 {<<"trails">>,{pkg,<<"trails">>,<<"2.3.1">>},0},
 {<<"wrek">>,
  {git,"https://github.com/rkallos/wrek.git",
       {ref,"3859e9efdf21227e6e8e0ea81095b229eceb6641"}},
  0}]}.
[
{pkg_hash,[
 {<<"cowboy">>, <<"F276D521A1FF88B2B9B4C54D0E753DA6C66DD7BE6C9FCA3D9418B561828A3731">>},
 {<<"cowboy_swagger">>, <<"163091DB15BFCFA592CBA0E083E386D0DEC84D43CCF5E542238125E50B1A024B">>},
 {<<"cowlib">>, <<"DB8F7505D8332D98EF50A3EF34B34C1AFDDEC7506E4EE4DD4A3A266285D282CA">>},
 {<<"erlexec">>, <<"748AF41A9B77FDE69BB82D5EC37E37384D4F849F971687DE49D57E8CB59422EA">>},
 {<<"fs">>, <<"9D147B944D60CFA48A349F12D06C8EE71128F610C90870BDF9A6773206452ED0">>},
 {<<"gproc">>, <<"F1DF0364423539CF0B80E8201C8B1839E229E5F9B3CCB944C5834626998F5B8C">>},
 {<<"p1_utils">>, <<"7F94466ADA69BD982EA7BB80FBCA18E7053E7D0B82C9D9E37621FA508587069B">>},
 {<<"poolboy">>, <<"392B007A1693A64540CEAD79830443ABF5762F5D30CF50BC95CB2C1AAAFA006B">>},
 {<<"ranch">>, <<"8C7A100A139FD57F17327B6413E4167AC559FBC04CA7448E9BE9057311597A1D">>},
 {<<"trails">>, <<"BB940CD0D5187A8FB0BB05F3DB575B5A1CAC20A980EDACE092CA2033AACD0BAB">>}]},
{pkg_hash_ext,[
 {<<"cowboy">>, <<"8A7ABE6D183372CEB21CAA2709BEC928AB2B72E18A3911AA1771639BEF82651E">>},
 {<<"cowboy_swagger">>, <<"DCD5ADEE2FED2B39E99F06070D080EB051CB981A411103099034931F94E15F62">>},
 {<<"cowlib">>, <<"E1E1284DC3FC030A64B1AD0D8382AE7E99DA46C3246B815318A4B848873800A4">>},
 {<<"erlexec">>, <<"826616A344D1BC0A35C9D2C7175478166F607A4E3B14C878229FD405694D65C0">>},
 {<<"fs">>, <<"EF94E95FFE79916860649FED80AC62B04C322B0BB70F5128144C026B4D171F8B">>},
 {<<"gproc">>, <<"905088E32E72127ED9466F0BAC0D8E65704CA5E73EE5A62CB073C3117916D507">>},
 {<<"p1_utils">>, <<"47F21618694EEEE5006AF1C88731AD86B757161E7823C29B6F73921B571C8502">>},
 {<<"poolboy">>, <<"DAD79704CE5440F3D5A3681C8590B9DC25D1A561E8F5A9C995281012860901E3">>},
 {<<"ranch">>, <<"49FBCFD3682FAB1F5D109351B61257676DA1A2FDBE295904176D5E521A2DDFE5">>},
 {<<"trails">>, <<"1006E38E09BA095AE77DD9A50BB3E8EBDB8DC31ECBC5BF276C3D848C15D7079B">>}]}
].
